
Microsoft Visual Studio Solution File, Format Version 12.00
# Visual Studio Version 17
VisualStudioVersion = 17.10.35013.160
MinimumVisualStudioVersion = 10.0.40219.1
Project("{FAE04EC0-301F-11D3-BF4B-00C04F79EFBC}") = "NewPetrolPump", "NewPetrolPump.csproj", "{838E577A-7B1E-4C48-957E-5D74D037CE0E}"
EndProject
Global
	GlobalSection(SolutionConfigurationPlatforms) = preSolution
		Debug|Any CPU = Debug|Any CPU
		Release|Any CPU = Release|Any CPU
	EndGlobalSection
	GlobalSection(ProjectConfigurationPlatforms) = postSolution
		{838E577A-7B1E-4C48-957E-5D74D037CE0E}.Debug|Any CPU.ActiveCfg = Debug|Any CPU
		{838E577A-7B1E-4C48-957E-5D74D037CE0E}.Debug|Any CPU.Build.0 = Debug|Any CPU
		{838E577A-7B1E-4C48-957E-5D74D037CE0E}.Release|Any CPU.ActiveCfg = Release|Any CPU
		{838E577A-7B1E-4C48-957E-5D74D037CE0E}.Release|Any CPU.Build.0 = Release|Any CPU
	EndGlobalSection
	GlobalSection(SolutionProperties) = preSolution
		HideSolutionNode = FALSE
	EndGlobalSection
	GlobalSection(ExtensibilityGlobals) = postSolution
		SolutionGuid = {1E062666-CBD7-4C61-BE84-BC2788BF99A8}
	EndGlobalSection
EndGlobal
